{
  "originHash" : "c6d935da4e3db55330149db9d990cb0f29025db2c7a92903484e7753fe9a78e7",
  "pins" : [
    {
      "identity" : "codableextensions",
      "kind" : "remoteSourceControl",
      "location" : "https://github.com/rvenieris/CodableExtensions.git",
      "state" : {
        "revision" : "e671737b81ffe39c17523f0caac73e93cce36927",
        "version" : "1.0.0"
      }
    }
  ],
  "version" : 3
}
